<?xml version="1.0" encoding="utf-8"?>
<Project ToolsVersion="4.0" xmlns="http://schemas.microsoft.com/developer/msbuild/2003">
  <ItemGroup>
    <Filter Include="Source Files">
      <UniqueIdentifier>{4FC737F1-C7A5-4376-A066-2A32D752A2FF}</UniqueIdentifier>
      <Extensions>cpp;c;cc;cxx;def;odl;idl;hpj;bat;asm;asmx</Extensions>
    </Filter>
    <Filter Include="Header Files">
      <UniqueIdentifier>{93995380-89BD-4b04-88EB-625FBE52EBFB}</UniqueIdentifier>
      <Extensions>h;hh;hpp;hxx;hm;inl;inc;ipp;xsd</Extensions>
    </Filter>
    <Filter Include="Resource Files">
      <UniqueIdentifier>{67DA6AB6-F800-4c08-8B7A-83BB121AAD01}</UniqueIdentifier>
      <Extensions>rc;ico;cur;bmp;dlg;rc2;rct;bin;rgs;gif;jpg;jpeg;jpe;resx;tiff;tif;png;wav;mfcribbon-ms</Extensions>
    </Filter>
    <Filter Include="Devices">
      <UniqueIdentifier>{02e646cb-8816-4151-a6b2-43416ee896ea}</UniqueIdentifier>
    </Filter>
    <Filter Include="Params">
      <UniqueIdentifier>{16b70d72-1198-4c6c-9ffc-9d6c4f0fbdc0}</UniqueIdentifier>
    </Filter>
    <Filter Include="Devices\RMG">
      <UniqueIdentifier>{99afe8ef-76e3-4c07-802c-1bb0ef19bdba}</UniqueIdentifier>
    </Filter>
    <Filter Include="Devices\Superflo">
      <UniqueIdentifier>{b303430b-4704-4eda-b73b-7a5d47051449}</UniqueIdentifier>
    </Filter>
    <Filter Include="Building">
      <UniqueIdentifier>{05cc56bf-62a3-49a1-aef9-bd2a46a997d3}</UniqueIdentifier>
    </Filter>
  </ItemGroup>
  <ItemGroup>
    <ClCompile Include="Program.cpp">
      <Filter>Source Files</Filter>
    </ClCompile>
    <ClCompile Include="TestCpp.cpp">
      <Filter>Source Files</Filter>
    </ClCompile>
    <ClCompile Include="FindPair.cpp">
      <Filter>Source Files</Filter>
    </ClCompile>
    <ClCompile Include="LoadDLL.cpp">
      <Filter>Source Files</Filter>
    </ClCompile>
    <ClCompile Include="ManagedConvert.cpp">
      <Filter>Source Files</Filter>
    </ClCompile>
    <ClCompile Include="Serialize.cpp">
      <Filter>Source Files</Filter>
    </ClCompile>
    <ClCompile Include="Devices\Superflo\Superflo.cpp">
      <Filter>Devices\Superflo</Filter>
    </ClCompile>
    <ClCompile Include="Devices\RMG\RMG.cpp">
      <Filter>Devices\RMG</Filter>
    </ClCompile>
    <ClCompile Include="Devices\Device.cpp">
      <Filter>Devices</Filter>
    </ClCompile>
    <ClCompile Include="RowOutPar.cpp">
      <Filter>Building</Filter>
    </ClCompile>
    <ClCompile Include="SavePropert.cpp">
      <Filter>Source Files</Filter>
    </ClCompile>
    <ClCompile Include="Devices\WorkOfDevs.cpp">
      <Filter>Devices</Filter>
    </ClCompile>
    <ClCompile Include="Tags.cpp">
      <Filter>Source Files</Filter>
    </ClCompile>
  </ItemGroup>
  <ItemGroup>
    <ClInclude Include="TestCpp.h">
      <Filter>Header Files</Filter>
    </ClInclude>
    <ClInclude Include="FindPair.h">
      <Filter>Header Files</Filter>
    </ClInclude>
    <ClInclude Include="LoadDLL.h">
      <Filter>Header Files</Filter>
    </ClInclude>
    <ClInclude Include="ManagedConvert.h">
      <Filter>Header Files</Filter>
    </ClInclude>
    <ClInclude Include="Serialize.h">
      <Filter>Header Files</Filter>
    </ClInclude>
    <ClInclude Include="Typesdef.h">
      <Filter>Header Files</Filter>
    </ClInclude>
    <ClInclude Include="Devices\Superflo\Superflo.h">
      <Filter>Devices\Superflo</Filter>
    </ClInclude>
    <ClInclude Include="Devices\RMG\RMG.h">
      <Filter>Devices\RMG</Filter>
    </ClInclude>
    <ClInclude Include="Devices\Device.h">
      <Filter>Devices</Filter>
    </ClInclude>
    <ClInclude Include="RowOutPar.h">
      <Filter>Building</Filter>
    </ClInclude>
    <ClInclude Include="SavePropert.h">
      <Filter>Header Files</Filter>
    </ClInclude>
    <ClInclude Include="Devices\WorkOfDevs.h">
      <Filter>Devices</Filter>
    </ClInclude>
    <ClInclude Include="Tags.h">
      <Filter>Header Files</Filter>
    </ClInclude>
    <ClInclude Include="resource.h">
      <Filter>Header Files</Filter>
    </ClInclude>
  </ItemGroup>
  <ItemGroup>
    <ResourceCompile Include="TestCpp.rc">
      <Filter>Resource Files</Filter>
    </ResourceCompile>
  </ItemGroup>
  <ItemGroup>
    <Image Include="bitmap1.bmp">
      <Filter>Resource Files</Filter>
    </Image>
  </ItemGroup>
</Project>